// !$*UTF8*$!
{
	archiveVersion = 1;
	classes = {
	};
	objectVersion = 56;
	objects = {

/* Begin PBXBuildFile section */
		062182FF78A63BC87470F617 /* Pods_Formula1.framework in Frameworks */ = {isa = PBXBuildFile; fileRef = 525C59330B2F74E810BD3368 /* Pods_Formula1.framework */; };
		7C14BAB329C0FBA50091F7AF /* HomeContentView.swift in Sources */ = {isa = PBXBuildFile; fileRef = 7C14BAB229C0FBA50091F7AF /* HomeContentView.swift */; };
		7C14BABF29C1EC580091F7AF /* AuthenticationView.swift in Sources */ = {isa = PBXBuildFile; fileRef = 7C14BABE29C1EC580091F7AF /* AuthenticationView.swift */; };
		7C14BAC129C1EC620091F7AF /* loginEmailView.swift in Sources */ = {isa = PBXBuildFile; fileRef = 7C14BAC029C1EC620091F7AF /* loginEmailView.swift */; };
		7C14BAC329C1EC710091F7AF /* RegisterEmailView.swift in Sources */ = {isa = PBXBuildFile; fileRef = 7C14BAC229C1EC710091F7AF /* RegisterEmailView.swift */; };
		7C14BAC529C1EC870091F7AF /* AuthenticationViewModel.swift in Sources */ = {isa = PBXBuildFile; fileRef = 7C14BAC429C1EC870091F7AF /* AuthenticationViewModel.swift */; };
		7C14BAC729C1ECA20091F7AF /* AuthenticationRepository.swift in Sources */ = {isa = PBXBuildFile; fileRef = 7C14BAC629C1ECA20091F7AF /* AuthenticationRepository.swift */; };
		7C14BAC929C1ECAD0091F7AF /* AuthenticationDataSource.swift in Sources */ = {isa = PBXBuildFile; fileRef = 7C14BAC829C1ECAD0091F7AF /* AuthenticationDataSource.swift */; };
		7C14BACC29C2301F0091F7AF /* User.swift in Sources */ = {isa = PBXBuildFile; fileRef = 7C14BACB29C2301F0091F7AF /* User.swift */; };
		7C14BADD29C233090091F7AF /* ProfileView.swift in Sources */ = {isa = PBXBuildFile; fileRef = 7C14BADC29C233090091F7AF /* ProfileView.swift */; };
		7C14BADF29C237A00091F7AF /* LinkedAccount.swift in Sources */ = {isa = PBXBuildFile; fileRef = 7C14BADE29C237A00091F7AF /* LinkedAccount.swift */; };
		7C14BAE229C239170091F7AF /* FacebookAuthentication.swift in Sources */ = {isa = PBXBuildFile; fileRef = 7C14BAE129C239170091F7AF /* FacebookAuthentication.swift */; };
		7C14BAEE29C357590091F7AF /* MockLoginSignInUITesting.swift in Sources */ = {isa = PBXBuildFile; fileRef = 7C14BAED29C357590091F7AF /* MockLoginSignInUITesting.swift */; };
		7C14BAF029C357590091F7AF /* MockLoginSignInUITestingLaunchTests.swift in Sources */ = {isa = PBXBuildFile; fileRef = 7C14BAEF29C357590091F7AF /* MockLoginSignInUITestingLaunchTests.swift */; };
		7C14BAFC29C3671B0091F7AF /* LoginMock.swift in Sources */ = {isa = PBXBuildFile; fileRef = 7C14BAF729C3636C0091F7AF /* LoginMock.swift */; };
		7C14BAFF29C368200091F7AF /* NetworkServiceFactory.swift in Sources */ = {isa = PBXBuildFile; fileRef = 7C14BAFE29C368200091F7AF /* NetworkServiceFactory.swift */; };
		7C2D03B929C0EB0C0023E36E /* AppDelegate.swift in Sources */ = {isa = PBXBuildFile; fileRef = 7C2D03B829C0EB0C0023E36E /* AppDelegate.swift */; };
		7C2D03BB29C0EB0C0023E36E /* SceneDelegate.swift in Sources */ = {isa = PBXBuildFile; fileRef = 7C2D03BA29C0EB0C0023E36E /* SceneDelegate.swift */; };
		7C2D03BD29C0EB0C0023E36E /* ViewController.swift in Sources */ = {isa = PBXBuildFile; fileRef = 7C2D03BC29C0EB0C0023E36E /* ViewController.swift */; };
		7C2D03C029C0EB0C0023E36E /* Main.storyboard in Resources */ = {isa = PBXBuildFile; fileRef = 7C2D03BE29C0EB0C0023E36E /* Main.storyboard */; };
		7C2D03C229C0EB0D0023E36E /* Assets.xcassets in Resources */ = {isa = PBXBuildFile; fileRef = 7C2D03C129C0EB0D0023E36E /* Assets.xcassets */; };
		7C2D03C529C0EB0D0023E36E /* LaunchScreen.storyboard in Resources */ = {isa = PBXBuildFile; fileRef = 7C2D03C329C0EB0D0023E36E /* LaunchScreen.storyboard */; };
		7C2D03D029C0F31E0023E36E /* VIPERPLUS in Frameworks */ = {isa = PBXBuildFile; productRef = 7C2D03CF29C0F31E0023E36E /* VIPERPLUS */; };
		7C2D03EF29C0F3FE0023E36E /* XRouter.swift in Sources */ = {isa = PBXBuildFile; fileRef = 7C2D03E729C0F3FE0023E36E /* XRouter.swift */; };
		7C2D03F029C0F3FE0023E36E /* XAssembly.swift in Sources */ = {isa = PBXBuildFile; fileRef = 7C2D03E829C0F3FE0023E36E /* XAssembly.swift */; };
		7C2D03F129C0F3FE0023E36E /* XInteractor.swift in Sources */ = {isa = PBXBuildFile; fileRef = 7C2D03E929C0F3FE0023E36E /* XInteractor.swift */; };
		7C2D03F229C0F3FE0023E36E /* XiewController.xib in Resources */ = {isa = PBXBuildFile; fileRef = 7C2D03EA29C0F3FE0023E36E /* XiewController.xib */; };
		7C2D03F429C0F3FE0023E36E /* XProvider.swift in Sources */ = {isa = PBXBuildFile; fileRef = 7C2D03EC29C0F3FE0023E36E /* XProvider.swift */; };
		7C2D03F529C0F3FE0023E36E /* XViewController.swift in Sources */ = {isa = PBXBuildFile; fileRef = 7C2D03ED29C0F3FE0023E36E /* XViewController.swift */; };
		7C2D03F629C0F3FE0023E36E /* XPresenter.swift in Sources */ = {isa = PBXBuildFile; fileRef = 7C2D03EE29C0F3FE0023E36E /* XPresenter.swift */; };
		7C2D040C29C0F6390023E36E /* LoginUITesting.swift in Sources */ = {isa = PBXBuildFile; fileRef = 7C2D040B29C0F6390023E36E /* LoginUITesting.swift */; };
		7C2D040E29C0F6390023E36E /* LoginUITestingLaunchTests.swift in Sources */ = {isa = PBXBuildFile; fileRef = 7C2D040D29C0F6390023E36E /* LoginUITestingLaunchTests.swift */; };
		7C2D041E29C0F9870023E36E /* GoogleService-Info.plist in Resources */ = {isa = PBXBuildFile; fileRef = 7C2D041D29C0F9870023E36E /* GoogleService-Info.plist */; };
		7C86F2B229C3876800A6B635 /* User.swift in Sources */ = {isa = PBXBuildFile; fileRef = 7C14BACB29C2301F0091F7AF /* User.swift */; };
		7C86F2B429C3878600A6B635 /* LinkedAccount.swift in Sources */ = {isa = PBXBuildFile; fileRef = 7C14BADE29C237A00091F7AF /* LinkedAccount.swift */; };
/* End PBXBuildFile section */

/* Begin PBXContainerItemProxy section */
		7C14BAF129C357590091F7AF /* PBXContainerItemProxy */ = {
			isa = PBXContainerItemProxy;
			containerPortal = 7C2D03AD29C0EB0C0023E36E /* Project object */;
			proxyType = 1;
			remoteGlobalIDString = 7C2D03B429C0EB0C0023E36E;
			remoteInfo = Formula1;
		};
		7C2D040F29C0F6390023E36E /* PBXContainerItemProxy */ = {
			isa = PBXContainerItemProxy;
			containerPortal = 7C2D03AD29C0EB0C0023E36E /* Project object */;
			proxyType = 1;
			remoteGlobalIDString = 7C2D03B429C0EB0C0023E36E;
			remoteInfo = Formula1;
		};
/* End PBXContainerItemProxy section */

/* Begin PBXFileReference section */
		0955BC8762177A4FA4AD275B /* Pods-Formula1.debug.xcconfig */ = {isa = PBXFileReference; includeInIndex = 1; lastKnownFileType = text.xcconfig; name = "Pods-Formula1.debug.xcconfig"; path = "Target Support Files/Pods-Formula1/Pods-Formula1.debug.xcconfig"; sourceTree = "<group>"; };
		525C59330B2F74E810BD3368 /* Pods_Formula1.framework */ = {isa = PBXFileReference; explicitFileType = wrapper.framework; includeInIndex = 0; path = Pods_Formula1.framework; sourceTree = BUILT_PRODUCTS_DIR; };
		7C14BAB229C0FBA50091F7AF /* HomeContentView.swift */ = {isa = PBXFileReference; lastKnownFileType = sourcecode.swift; path = HomeContentView.swift; sourceTree = "<group>"; };
		7C14BABE29C1EC580091F7AF /* AuthenticationView.swift */ = {isa = PBXFileReference; lastKnownFileType = sourcecode.swift; path = AuthenticationView.swift; sourceTree = "<group>"; };
		7C14BAC029C1EC620091F7AF /* loginEmailView.swift */ = {isa = PBXFileReference; lastKnownFileType = sourcecode.swift; path = loginEmailView.swift; sourceTree = "<group>"; };
		7C14BAC229C1EC710091F7AF /* RegisterEmailView.swift */ = {isa = PBXFileReference; lastKnownFileType = sourcecode.swift; path = RegisterEmailView.swift; sourceTree = "<group>"; };
		7C14BAC429C1EC870091F7AF /* AuthenticationViewModel.swift */ = {isa = PBXFileReference; lastKnownFileType = sourcecode.swift; path = AuthenticationViewModel.swift; sourceTree = "<group>"; };
		7C14BAC629C1ECA20091F7AF /* AuthenticationRepository.swift */ = {isa = PBXFileReference; lastKnownFileType = sourcecode.swift; path = AuthenticationRepository.swift; sourceTree = "<group>"; };
		7C14BAC829C1ECAD0091F7AF /* AuthenticationDataSource.swift */ = {isa = PBXFileReference; lastKnownFileType = sourcecode.swift; path = AuthenticationDataSource.swift; sourceTree = "<group>"; };
		7C14BACB29C2301F0091F7AF /* User.swift */ = {isa = PBXFileReference; lastKnownFileType = sourcecode.swift; path = User.swift; sourceTree = "<group>"; };
		7C14BADC29C233090091F7AF /* ProfileView.swift */ = {isa = PBXFileReference; lastKnownFileType = sourcecode.swift; path = ProfileView.swift; sourceTree = "<group>"; };
		7C14BADE29C237A00091F7AF /* LinkedAccount.swift */ = {isa = PBXFileReference; lastKnownFileType = sourcecode.swift; path = LinkedAccount.swift; sourceTree = "<group>"; };
		7C14BAE129C239170091F7AF /* FacebookAuthentication.swift */ = {isa = PBXFileReference; lastKnownFileType = sourcecode.swift; path = FacebookAuthentication.swift; sourceTree = "<group>"; };
		7C14BAE629C2400F0091F7AF /* Formula1.entitlements */ = {isa = PBXFileReference; lastKnownFileType = text.plist.entitlements; path = Formula1.entitlements; sourceTree = "<group>"; };
		7C14BAEB29C357590091F7AF /* MockLoginSignInUITesting.xctest */ = {isa = PBXFileReference; explicitFileType = wrapper.cfbundle; includeInIndex = 0; path = MockLoginSignInUITesting.xctest; sourceTree = BUILT_PRODUCTS_DIR; };
		7C14BAED29C357590091F7AF /* MockLoginSignInUITesting.swift */ = {isa = PBXFileReference; lastKnownFileType = sourcecode.swift; path = MockLoginSignInUITesting.swift; sourceTree = "<group>"; };
		7C14BAEF29C357590091F7AF /* MockLoginSignInUITestingLaunchTests.swift */ = {isa = PBXFileReference; lastKnownFileType = sourcecode.swift; path = MockLoginSignInUITestingLaunchTests.swift; sourceTree = "<group>"; };
		7C14BAF729C3636C0091F7AF /* LoginMock.swift */ = {isa = PBXFileReference; lastKnownFileType = sourcecode.swift; path = LoginMock.swift; sourceTree = "<group>"; };
		7C14BAFE29C368200091F7AF /* NetworkServiceFactory.swift */ = {isa = PBXFileReference; lastKnownFileType = sourcecode.swift; path = NetworkServiceFactory.swift; sourceTree = "<group>"; };
		7C2D03B529C0EB0C0023E36E /* Formula1.app */ = {isa = PBXFileReference; explicitFileType = wrapper.application; includeInIndex = 0; path = Formula1.app; sourceTree = BUILT_PRODUCTS_DIR; };
		7C2D03B829C0EB0C0023E36E /* AppDelegate.swift */ = {isa = PBXFileReference; lastKnownFileType = sourcecode.swift; path = AppDelegate.swift; sourceTree = "<group>"; };
		7C2D03BA29C0EB0C0023E36E /* SceneDelegate.swift */ = {isa = PBXFileReference; lastKnownFileType = sourcecode.swift; path = SceneDelegate.swift; sourceTree = "<group>"; };
		7C2D03BC29C0EB0C0023E36E /* ViewController.swift */ = {isa = PBXFileReference; lastKnownFileType = sourcecode.swift; path = ViewController.swift; sourceTree = "<group>"; };
		7C2D03BF29C0EB0C0023E36E /* Base */ = {isa = PBXFileReference; lastKnownFileType = file.storyboard; name = Base; path = Base.lproj/Main.storyboard; sourceTree = "<group>"; };
		7C2D03C129C0EB0D0023E36E /* Assets.xcassets */ = {isa = PBXFileReference; lastKnownFileType = folder.assetcatalog; path = Assets.xcassets; sourceTree = "<group>"; };
		7C2D03C429C0EB0D0023E36E /* Base */ = {isa = PBXFileReference; lastKnownFileType = file.storyboard; name = Base; path = Base.lproj/LaunchScreen.storyboard; sourceTree = "<group>"; };
		7C2D03C629C0EB0D0023E36E /* Info.plist */ = {isa = PBXFileReference; lastKnownFileType = text.plist.xml; path = Info.plist; sourceTree = "<group>"; };
		7C2D03E729C0F3FE0023E36E /* XRouter.swift */ = {isa = PBXFileReference; fileEncoding = 4; lastKnownFileType = sourcecode.swift; name = XRouter.swift; path = "../../../../../../Library/Mobile Documents/com~apple~CloudDocs/Nttdata/Viper/Modelo VIPER/XRouter.swift"; sourceTree = "<group>"; };
		7C2D03E829C0F3FE0023E36E /* XAssembly.swift */ = {isa = PBXFileReference; fileEncoding = 4; lastKnownFileType = sourcecode.swift; name = XAssembly.swift; path = "../../../../../../Library/Mobile Documents/com~apple~CloudDocs/Nttdata/Viper/Modelo VIPER/XAssembly.swift"; sourceTree = "<group>"; };
		7C2D03E929C0F3FE0023E36E /* XInteractor.swift */ = {isa = PBXFileReference; fileEncoding = 4; lastKnownFileType = sourcecode.swift; name = XInteractor.swift; path = "../../../../../../Library/Mobile Documents/com~apple~CloudDocs/Nttdata/Viper/Modelo VIPER/XInteractor.swift"; sourceTree = "<group>"; };
		7C2D03EA29C0F3FE0023E36E /* XiewController.xib */ = {isa = PBXFileReference; fileEncoding = 4; lastKnownFileType = file.xib; name = XiewController.xib; path = "../../../../../../Library/Mobile Documents/com~apple~CloudDocs/Nttdata/Viper/Modelo VIPER/XiewController.xib"; sourceTree = "<group>"; };
		7C2D03EC29C0F3FE0023E36E /* XProvider.swift */ = {isa = PBXFileReference; fileEncoding = 4; lastKnownFileType = sourcecode.swift; name = XProvider.swift; path = "../../../../../../Library/Mobile Documents/com~apple~CloudDocs/Nttdata/Viper/Modelo VIPER/XProvider.swift"; sourceTree = "<group>"; };
		7C2D03ED29C0F3FE0023E36E /* XViewController.swift */ = {isa = PBXFileReference; fileEncoding = 4; lastKnownFileType = sourcecode.swift; name = XViewController.swift; path = "../../../../../../Library/Mobile Documents/com~apple~CloudDocs/Nttdata/Viper/Modelo VIPER/XViewController.swift"; sourceTree = "<group>"; };
		7C2D03EE29C0F3FE0023E36E /* XPresenter.swift */ = {isa = PBXFileReference; fileEncoding = 4; lastKnownFileType = sourcecode.swift; name = XPresenter.swift; path = "../../../../../../Library/Mobile Documents/com~apple~CloudDocs/Nttdata/Viper/Modelo VIPER/XPresenter.swift"; sourceTree = "<group>"; };
		7C2D03F729C0F4050023E36E /* XViewModel.swift */ = {isa = PBXFileReference; lastKnownFileType = sourcecode.swift; path = XViewModel.swift; sourceTree = "<group>"; };
		7C2D040929C0F6390023E36E /* LoginUITesting.xctest */ = {isa = PBXFileReference; explicitFileType = wrapper.cfbundle; includeInIndex = 0; path = LoginUITesting.xctest; sourceTree = BUILT_PRODUCTS_DIR; };
		7C2D040B29C0F6390023E36E /* LoginUITesting.swift */ = {isa = PBXFileReference; lastKnownFileType = sourcecode.swift; path = LoginUITesting.swift; sourceTree = "<group>"; };
		7C2D040D29C0F6390023E36E /* LoginUITestingLaunchTests.swift */ = {isa = PBXFileReference; lastKnownFileType = sourcecode.swift; path = LoginUITestingLaunchTests.swift; sourceTree = "<group>"; };
		7C2D041D29C0F9870023E36E /* GoogleService-Info.plist */ = {isa = PBXFileReference; fileEncoding = 4; lastKnownFileType = text.plist.xml; path = "GoogleService-Info.plist"; sourceTree = "<group>"; };
		F00E14668D0CC5F1D5FE53A0 /* Pods-Formula1.release.xcconfig */ = {isa = PBXFileReference; includeInIndex = 1; lastKnownFileType = text.xcconfig; name = "Pods-Formula1.release.xcconfig"; path = "Target Support Files/Pods-Formula1/Pods-Formula1.release.xcconfig"; sourceTree = "<group>"; };
/* End PBXFileReference section */

/* Begin PBXFrameworksBuildPhase section */
		7C14BAE829C357590091F7AF /* Frameworks */ = {
			isa = PBXFrameworksBuildPhase;
			buildActionMask = 2147483647;
			files = (
			);
			runOnlyForDeploymentPostprocessing = 0;
		};
		7C2D03B229C0EB0C0023E36E /* Frameworks */ = {
			isa = PBXFrameworksBuildPhase;
			buildActionMask = 2147483647;
			files = (
				062182FF78A63BC87470F617 /* Pods_Formula1.framework in Frameworks */,
				7C2D03D029C0F31E0023E36E /* VIPERPLUS in Frameworks */,
			);
			runOnlyForDeploymentPostprocessing = 0;
		};
		7C2D040629C0F6390023E36E /* Frameworks */ = {
			isa = PBXFrameworksBuildPhase;
			buildActionMask = 2147483647;
			files = (
			);
			runOnlyForDeploymentPostprocessing = 0;
		};
/* End PBXFrameworksBuildPhase section */

/* Begin PBXGroup section */
		7C14BAAE29C0FB700091F7AF /* Home */ = {
			isa = PBXGroup;
			children = (
				7C14BAB129C0FB920091F7AF /* View */,
			);
			path = Home;
			sourceTree = "<group>";
		};
		7C14BAB129C0FB920091F7AF /* View */ = {
			isa = PBXGroup;
			children = (
				7C14BAB229C0FBA50091F7AF /* HomeContentView.swift */,
			);
			path = View;
			sourceTree = "<group>";
		};
		7C14BABA29C1EC1F0091F7AF /* Login */ = {
			isa = PBXGroup;
			children = (
				7C14BACA29C230120091F7AF /* Model */,
				7C14BABB29C1EC260091F7AF /* AuthenticationViews */,
				7C14BAC429C1EC870091F7AF /* AuthenticationViewModel.swift */,
				7C14BABD29C1EC3A0091F7AF /* Repository */,
			);
			path = Login;
			sourceTree = "<group>";
		};
		7C14BABB29C1EC260091F7AF /* AuthenticationViews */ = {
			isa = PBXGroup;
			children = (
				7C14BABE29C1EC580091F7AF /* AuthenticationView.swift */,
				7C14BAC029C1EC620091F7AF /* loginEmailView.swift */,
				7C14BAC229C1EC710091F7AF /* RegisterEmailView.swift */,
			);
			path = AuthenticationViews;
			sourceTree = "<group>";
		};
		7C14BABD29C1EC3A0091F7AF /* Repository */ = {
			isa = PBXGroup;
			children = (
				7C14BAE029C238FF0091F7AF /* FacebookAuthenticated */,
				7C14BAC629C1ECA20091F7AF /* AuthenticationRepository.swift */,
				7C14BAC829C1ECAD0091F7AF /* AuthenticationDataSource.swift */,
			);
			path = Repository;
			sourceTree = "<group>";
		};
		7C14BACA29C230120091F7AF /* Model */ = {
			isa = PBXGroup;
			children = (
				7C14BACB29C2301F0091F7AF /* User.swift */,
				7C14BADE29C237A00091F7AF /* LinkedAccount.swift */,
			);
			path = Model;
			sourceTree = "<group>";
		};
		7C14BACF29C231E50091F7AF /* Link */ = {
			isa = PBXGroup;
			children = (
			);
			path = Link;
			sourceTree = "<group>";
		};
		7C14BADB29C232FE0091F7AF /* Profile */ = {
			isa = PBXGroup;
			children = (
				7C14BADC29C233090091F7AF /* ProfileView.swift */,
			);
			path = Profile;
			sourceTree = "<group>";
		};
		7C14BAE029C238FF0091F7AF /* FacebookAuthenticated */ = {
			isa = PBXGroup;
			children = (
				7C14BAE129C239170091F7AF /* FacebookAuthentication.swift */,
			);
			path = FacebookAuthenticated;
			sourceTree = "<group>";
		};
		7C14BAEC29C357590091F7AF /* MockLogin&SignInUITesttin */ = {
			isa = PBXGroup;
			children = (
				7C14BAF629C3635E0091F7AF /* Mocks */,
				7C14BAED29C357590091F7AF /* MockLoginSignInUITesting.swift */,
				7C14BAEF29C357590091F7AF /* MockLoginSignInUITestingLaunchTests.swift */,
			);
			path = "MockLogin&SignInUITesttin";
			sourceTree = "<group>";
		};
		7C14BAF629C3635E0091F7AF /* Mocks */ = {
			isa = PBXGroup;
			children = (
				7C14BAF729C3636C0091F7AF /* LoginMock.swift */,
			);
			path = Mocks;
			sourceTree = "<group>";
		};
		7C14BAFD29C3680F0091F7AF /* Factories */ = {
			isa = PBXGroup;
			children = (
				7C14BAFE29C368200091F7AF /* NetworkServiceFactory.swift */,
			);
			path = Factories;
			sourceTree = "<group>";
		};
		7C2D03AC29C0EB0C0023E36E = {
			isa = PBXGroup;
			children = (
				7C2D03B729C0EB0C0023E36E /* Formula1 */,
				7C2D040A29C0F6390023E36E /* MockingLoginUI */,
				7C14BAEC29C357590091F7AF /* MockLogin&SignInUITesttin */,
				7C2D03B629C0EB0C0023E36E /* Products */,
				841AFE98ECFDC3E51C51D002 /* Pods */,
				B18F23AD6911EC498D59C087 /* Frameworks */,
			);
			sourceTree = "<group>";
		};
		7C2D03B629C0EB0C0023E36E /* Products */ = {
			isa = PBXGroup;
			children = (
				7C2D03B529C0EB0C0023E36E /* Formula1.app */,
				7C2D040929C0F6390023E36E /* LoginUITesting.xctest */,
				7C14BAEB29C357590091F7AF /* MockLoginSignInUITesting.xctest */,
			);
			name = Products;
			sourceTree = "<group>";
		};
		7C2D03B729C0EB0C0023E36E /* Formula1 */ = {
			isa = PBXGroup;
			children = (
				7C14BAE629C2400F0091F7AF /* Formula1.entitlements */,
				7C2D041F29C0F9D60023E36E /* Formula1App */,
				7C2D041829C0F7E30023E36E /* Resources */,
				7C2D03D129C0F3250023E36E /* ViperModel */,
				7C2D03BC29C0EB0C0023E36E /* ViewController.swift */,
				7C2D03BE29C0EB0C0023E36E /* Main.storyboard */,
				7C2D03C129C0EB0D0023E36E /* Assets.xcassets */,
				7C2D03C329C0EB0D0023E36E /* LaunchScreen.storyboard */,
				7C2D03C629C0EB0D0023E36E /* Info.plist */,
			);
			path = Formula1;
			sourceTree = "<group>";
		};
		7C2D03D129C0F3250023E36E /* ViperModel */ = {
			isa = PBXGroup;
			children = (
				7C2D03E229C0F3420023E36E /* ViewModel */,
				7C2D03E829C0F3FE0023E36E /* XAssembly.swift */,
				7C2D03EC29C0F3FE0023E36E /* XProvider.swift */,
				7C2D03E729C0F3FE0023E36E /* XRouter.swift */,
				7C2D03E929C0F3FE0023E36E /* XInteractor.swift */,
				7C2D03EE29C0F3FE0023E36E /* XPresenter.swift */,
				7C2D03ED29C0F3FE0023E36E /* XViewController.swift */,
				7C2D03EA29C0F3FE0023E36E /* XiewController.xib */,
			);
			path = ViperModel;
			sourceTree = "<group>";
		};
		7C2D03E229C0F3420023E36E /* ViewModel */ = {
			isa = PBXGroup;
			children = (
				7C2D03F729C0F4050023E36E /* XViewModel.swift */,
			);
			path = ViewModel;
			sourceTree = "<group>";
		};
		7C2D040A29C0F6390023E36E /* MockingLoginUI */ = {
			isa = PBXGroup;
			children = (
				7C2D040B29C0F6390023E36E /* LoginUITesting.swift */,
				7C2D040D29C0F6390023E36E /* LoginUITestingLaunchTests.swift */,
			);
			path = MockingLoginUI;
			sourceTree = "<group>";
		};
		7C2D041829C0F7E30023E36E /* Resources */ = {
			isa = PBXGroup;
			children = (
				7C2D041D29C0F9870023E36E /* GoogleService-Info.plist */,
				7C2D03B829C0EB0C0023E36E /* AppDelegate.swift */,
				7C2D03BA29C0EB0C0023E36E /* SceneDelegate.swift */,
			);
			path = Resources;
			sourceTree = "<group>";
		};
		7C2D041F29C0F9D60023E36E /* Formula1App */ = {
			isa = PBXGroup;
			children = (
				7C14BAFD29C3680F0091F7AF /* Factories */,
				7C14BADB29C232FE0091F7AF /* Profile */,
				7C14BACF29C231E50091F7AF /* Link */,
				7C14BABA29C1EC1F0091F7AF /* Login */,
				7C14BAAE29C0FB700091F7AF /* Home */,
			);
			path = Formula1App;
			sourceTree = "<group>";
		};
		841AFE98ECFDC3E51C51D002 /* Pods */ = {
			isa = PBXGroup;
			children = (
				0955BC8762177A4FA4AD275B /* Pods-Formula1.debug.xcconfig */,
				F00E14668D0CC5F1D5FE53A0 /* Pods-Formula1.release.xcconfig */,
			);
			path = Pods;
			sourceTree = "<group>";
		};
		B18F23AD6911EC498D59C087 /* Frameworks */ = {
			isa = PBXGroup;
			children = (
				525C59330B2F74E810BD3368 /* Pods_Formula1.framework */,
			);
			name = Frameworks;
			sourceTree = "<group>";
		};
/* End PBXGroup section */

/* Begin PBXNativeTarget section */
		7C14BAEA29C357590091F7AF /* MockLoginSignInUITesting */ = {
			isa = PBXNativeTarget;
			buildConfigurationList = 7C14BAF329C357590091F7AF /* Build configuration list for PBXNativeTarget "MockLoginSignInUITesting" */;
			buildPhases = (
				7C14BAE729C357590091F7AF /* Sources */,
				7C14BAE829C357590091F7AF /* Frameworks */,
				7C14BAE929C357590091F7AF /* Resources */,
			);
			buildRules = (
			);
			dependencies = (
				7C14BAF229C357590091F7AF /* PBXTargetDependency */,
			);
			name = MockLoginSignInUITesting;
			productName = "MockLogin&SignInUITesttin";
			productReference = 7C14BAEB29C357590091F7AF /* MockLoginSignInUITesting.xctest */;
			productType = "com.apple.product-type.bundle.ui-testing";
		};
		7C2D03B429C0EB0C0023E36E /* Formula1 */ = {
			isa = PBXNativeTarget;
			buildConfigurationList = 7C2D03C929C0EB0D0023E36E /* Build configuration list for PBXNativeTarget "Formula1" */;
			buildPhases = (
				8313DC030BF3BA1B53BA1295 /* [CP] Check Pods Manifest.lock */,
				7C2D03B129C0EB0C0023E36E /* Sources */,
				7C2D03B229C0EB0C0023E36E /* Frameworks */,
				7C2D03B329C0EB0C0023E36E /* Resources */,
				245DB8C78E447EB19E33DECF /* [CP] Embed Pods Frameworks */,
			);
			buildRules = (
			);
			dependencies = (
			);
			name = Formula1;
			packageProductDependencies = (
				7C2D03CF29C0F31E0023E36E /* VIPERPLUS */,
			);
			productName = Formula1;
			productReference = 7C2D03B529C0EB0C0023E36E /* Formula1.app */;
			productType = "com.apple.product-type.application";
		};
		7C2D040829C0F6390023E36E /* LoginUITesting */ = {
			isa = PBXNativeTarget;
			buildConfigurationList = 7C2D041129C0F6390023E36E /* Build configuration list for PBXNativeTarget "LoginUITesting" */;
			buildPhases = (
				7C2D040529C0F6390023E36E /* Sources */,
				7C2D040629C0F6390023E36E /* Frameworks */,
				7C2D040729C0F6390023E36E /* Resources */,
			);
			buildRules = (
			);
			dependencies = (
				7C2D041029C0F6390023E36E /* PBXTargetDependency */,
			);
			name = LoginUITesting;
			productName = MockingLoginUI;
			productReference = 7C2D040929C0F6390023E36E /* LoginUITesting.xctest */;
			productType = "com.apple.product-type.bundle.ui-testing";
		};
/* End PBXNativeTarget section */

/* Begin PBXProject section */
		7C2D03AD29C0EB0C0023E36E /* Project object */ = {
			isa = PBXProject;
			attributes = {
				BuildIndependentTargetsInParallel = 1;
				LastSwiftUpdateCheck = 1420;
				LastUpgradeCheck = 1420;
				TargetAttributes = {
					7C14BAEA29C357590091F7AF = {
						CreatedOnToolsVersion = 14.2;
						TestTargetID = 7C2D03B429C0EB0C0023E36E;
					};
					7C2D03B429C0EB0C0023E36E = {
						CreatedOnToolsVersion = 14.2;
					};
					7C2D040829C0F6390023E36E = {
						CreatedOnToolsVersion = 14.2;
						TestTargetID = 7C2D03B429C0EB0C0023E36E;
					};
				};
			};
			buildConfigurationList = 7C2D03B029C0EB0C0023E36E /* Build configuration list for PBXProject "Formula1" */;
			compatibilityVersion = "Xcode 14.0";
			developmentRegion = en;
			hasScannedForEncodings = 0;
			knownRegions = (
				en,
				Base,
			);
			mainGroup = 7C2D03AC29C0EB0C0023E36E;
			packageReferences = (
				7C2D03CE29C0F31E0023E36E /* XCRemoteSwiftPackageReference "BaseViper" */,
				7C14BAE329C23D4B0091F7AF /* XCRemoteSwiftPackageReference "facebook-ios-sdk" */,
			);
			productRefGroup = 7C2D03B629C0EB0C0023E36E /* Products */;
			projectDirPath = "";
			projectRoot = "";
			targets = (
				7C2D03B429C0EB0C0023E36E /* Formula1 */,
				7C2D040829C0F6390023E36E /* LoginUITesting */,
				7C14BAEA29C357590091F7AF /* MockLoginSignInUITesting */,
			);
		};
/* End PBXProject section */

/* Begin PBXResourcesBuildPhase section */
		7C14BAE929C357590091F7AF /* Resources */ = {
			isa = PBXResourcesBuildPhase;
			buildActionMask = 2147483647;
			files = (
			);
			runOnlyForDeploymentPostprocessing = 0;
		};
		7C2D03B329C0EB0C0023E36E /* Resources */ = {
			isa = PBXResourcesBuildPhase;
			buildActionMask = 2147483647;
			files = (
				7C2D03C529C0EB0D0023E36E /* LaunchScreen.storyboard in Resources */,
				7C2D03F229C0F3FE0023E36E /* XiewController.xib in Resources */,
				7C2D03C229C0EB0D0023E36E /* Assets.xcassets in Resources */,
				7C2D03C029C0EB0C0023E36E /* Main.storyboard in Resources */,
				7C2D041E29C0F9870023E36E /* GoogleService-Info.plist in Resources */,
			);
			runOnlyForDeploymentPostprocessing = 0;
		};
		7C2D040729C0F6390023E36E /* Resources */ = {
			isa = PBXResourcesBuildPhase;
			buildActionMask = 2147483647;
			files = (
			);
			runOnlyForDeploymentPostprocessing = 0;
		};
/* End PBXResourcesBuildPhase section */

/* Begin PBXShellScriptBuildPhase section */
		245DB8C78E447EB19E33DECF /* [CP] Embed Pods Frameworks */ = {
			isa = PBXShellScriptBuildPhase;
			buildActionMask = 2147483647;
			files = (
			);
			inputFileListPaths = (
				"${PODS_ROOT}/Target Support Files/Pods-Formula1/Pods-Formula1-frameworks-${CONFIGURATION}-input-files.xcfilelist",
			);
			name = "[CP] Embed Pods Frameworks";
			outputFileListPaths = (
				"${PODS_ROOT}/Target Support Files/Pods-Formula1/Pods-Formula1-frameworks-${CONFIGURATION}-output-files.xcfilelist",
			);
			runOnlyForDeploymentPostprocessing = 0;
			shellPath = /bin/sh;
			shellScript = "\"${PODS_ROOT}/Target Support Files/Pods-Formula1/Pods-Formula1-frameworks.sh\"\n";
			showEnvVarsInLog = 0;
		};
		8313DC030BF3BA1B53BA1295 /* [CP] Check Pods Manifest.lock */ = {
			isa = PBXShellScriptBuildPhase;
			buildActionMask = 2147483647;
			files = (
			);
			inputFileListPaths = (
			);
			inputPaths = (
				"${PODS_PODFILE_DIR_PATH}/Podfile.lock",
				"${PODS_ROOT}/Manifest.lock",
			);
			name = "[CP] Check Pods Manifest.lock";
			outputFileListPaths = (
			);
			outputPaths = (
				"$(DERIVED_FILE_DIR)/Pods-Formula1-checkManifestLockResult.txt",
			);
			runOnlyForDeploymentPostprocessing = 0;
			shellPath = /bin/sh;
			shellScript = "diff \"${PODS_PODFILE_DIR_PATH}/Podfile.lock\" \"${PODS_ROOT}/Manifest.lock\" > /dev/null\nif [ $? != 0 ] ; then\n    # print error to STDERR\n    echo \"error: The sandbox is not in sync with the Podfile.lock. Run 'pod install' or update your CocoaPods installation.\" >&2\n    exit 1\nfi\n# This output is used by Xcode 'outputs' to avoid re-running this script phase.\necho \"SUCCESS\" > \"${SCRIPT_OUTPUT_FILE_0}\"\n";
			showEnvVarsInLog = 0;
		};
/* End PBXShellScriptBuildPhase section */

/* Begin PBXSourcesBuildPhase section */
		7C14BAE729C357590091F7AF /* Sources */ = {
			isa = PBXSourcesBuildPhase;
			buildActionMask = 2147483647;
			files = (
				7C14BAF029C357590091F7AF /* MockLoginSignInUITestingLaunchTests.swift in Sources */,
				7C86F2B229C3876800A6B635 /* User.swift in Sources */,
				7C86F2B429C3878600A6B635 /* LinkedAccount.swift in Sources */,
				7C14BAEE29C357590091F7AF /* MockLoginSignInUITesting.swift in Sources */,
			);
			runOnlyForDeploymentPostprocessing = 0;
		};
		7C2D03B129C0EB0C0023E36E /* Sources */ = {
			isa = PBXSourcesBuildPhase;
			buildActionMask = 2147483647;
			files = (
				7C2D03F429C0F3FE0023E36E /* XProvider.swift in Sources */,
				7C14BAC729C1ECA20091F7AF /* AuthenticationRepository.swift in Sources */,
				7C14BAE229C239170091F7AF /* FacebookAuthentication.swift in Sources */,
				7C2D03BD29C0EB0C0023E36E /* ViewController.swift in Sources */,
				7C2D03B929C0EB0C0023E36E /* AppDelegate.swift in Sources */,
				7C2D03F529C0F3FE0023E36E /* XViewController.swift in Sources */,
				7C2D03BB29C0EB0C0023E36E /* SceneDelegate.swift in Sources */,
				7C14BAC529C1EC870091F7AF /* AuthenticationViewModel.swift in Sources */,
				7C14BAC329C1EC710091F7AF /* RegisterEmailView.swift in Sources */,
				7C14BAFF29C368200091F7AF /* NetworkServiceFactory.swift in Sources */,
				7C2D03F629C0F3FE0023E36E /* XPresenter.swift in Sources */,
				7C14BADF29C237A00091F7AF /* LinkedAccount.swift in Sources */,
				7C2D03F029C0F3FE0023E36E /* XAssembly.swift in Sources */,
				7C2D03F129C0F3FE0023E36E /* XInteractor.swift in Sources */,
				7C14BABF29C1EC580091F7AF /* AuthenticationView.swift in Sources */,
				7C14BADD29C233090091F7AF /* ProfileView.swift in Sources */,
				7C14BAC929C1ECAD0091F7AF /* AuthenticationDataSource.swift in Sources */,
				7C14BACC29C2301F0091F7AF /* User.swift in Sources */,
				7C14BAC129C1EC620091F7AF /* loginEmailView.swift in Sources */,
				7C2D03EF29C0F3FE0023E36E /* XRouter.swift in Sources */,
				7C14BAFC29C3671B0091F7AF /* LoginMock.swift in Sources */,
				7C14BAB329C0FBA50091F7AF /* HomeContentView.swift in Sources */,
			);
			runOnlyForDeploymentPostprocessing = 0;
		};
		7C2D040529C0F6390023E36E /* Sources */ = {
			isa = PBXSourcesBuildPhase;
			buildActionMask = 2147483647;
			files = (
				7C2D040C29C0F6390023E36E /* LoginUITesting.swift in Sources */,
				7C2D040E29C0F6390023E36E /* LoginUITestingLaunchTests.swift in Sources */,
			);
			runOnlyForDeploymentPostprocessing = 0;
		};
/* End PBXSourcesBuildPhase section */

/* Begin PBXTargetDependency section */
		7C14BAF229C357590091F7AF /* PBXTargetDependency */ = {
			isa = PBXTargetDependency;
			target = 7C2D03B429C0EB0C0023E36E /* Formula1 */;
			targetProxy = 7C14BAF129C357590091F7AF /* PBXContainerItemProxy */;
		};
		7C2D041029C0F6390023E36E /* PBXTargetDependency */ = {
			isa = PBXTargetDependency;
			target = 7C2D03B429C0EB0C0023E36E /* Formula1 */;
			targetProxy = 7C2D040F29C0F6390023E36E /* PBXContainerItemProxy */;
		};
/* End PBXTargetDependency section */

/* Begin PBXVariantGroup section */
		7C2D03BE29C0EB0C0023E36E /* Main.storyboard */ = {
			isa = PBXVariantGroup;
			children = (
				7C2D03BF29C0EB0C0023E36E /* Base */,
			);
			name = Main.storyboard;
			sourceTree = "<group>";
		};
		7C2D03C329C0EB0D0023E36E /* LaunchScreen.storyboard */ = {
			isa = PBXVariantGroup;
			children = (
				7C2D03C429C0EB0D0023E36E /* Base */,
			);
			name = LaunchScreen.storyboard;
			sourceTree = "<group>";
		};
/* End PBXVariantGroup section */

/* Begin XCBuildConfiguration section */
		7C14BAF429C357590091F7AF /* Debug */ = {
			isa = XCBuildConfiguration;
			buildSettings = {
				CODE_SIGN_STYLE = Automatic;
				CURRENT_PROJECT_VERSION = 1;
				DEVELOPMENT_TEAM = "";
				GENERATE_INFOPLIST_FILE = YES;
				MARKETING_VERSION = 1.0;
				PRODUCT_BUNDLE_IDENTIFIER = com.drodcasi.MockLoginSignInUITesting;
				PRODUCT_NAME = "$(TARGET_NAME)";
				SWIFT_EMIT_LOC_STRINGS = NO;
				SWIFT_VERSION = 5.0;
				TARGETED_DEVICE_FAMILY = "1,2";
				TEST_TARGET_NAME = Formula1;
			};
			name = Debug;
		};
		7C14BAF529C357590091F7AF /* Release */ = {
			isa = XCBuildConfiguration;
			buildSettings = {
				CODE_SIGN_STYLE = Automatic;
				CURRENT_PROJECT_VERSION = 1;
				DEVELOPMENT_TEAM = "";
				GENERATE_INFOPLIST_FILE = YES;
				MARKETING_VERSION = 1.0;
				PRODUCT_BUNDLE_IDENTIFIER = com.drodcasi.MockLoginSignInUITesting;
				PRODUCT_NAME = "$(TARGET_NAME)";
				SWIFT_EMIT_LOC_STRINGS = NO;
				SWIFT_VERSION = 5.0;
				TARGETED_DEVICE_FAMILY = "1,2";
				TEST_TARGET_NAME = Formula1;
			};
			name = Release;
		};
		7C2D03C729C0EB0D0023E36E /* Debug */ = {
			isa = XCBuildConfiguration;
			buildSettings = {
				ALWAYS_SEARCH_USER_PATHS = NO;
				CLANG_ANALYZER_NONNULL = YES;
				CLANG_ANALYZER_NUMBER_OBJECT_CONVERSION = YES_AGGRESSIVE;
				CLANG_CXX_LANGUAGE_STANDARD = "gnu++20";
				CLANG_ENABLE_MODULES = YES;
				CLANG_ENABLE_OBJC_ARC = YES;
				CLANG_ENABLE_OBJC_WEAK = YES;
				CLANG_WARN_BLOCK_CAPTURE_AUTORELEASING = YES;
				CLANG_WARN_BOOL_CONVERSION = YES;
				CLANG_WARN_COMMA = YES;
				CLANG_WARN_CONSTANT_CONVERSION = YES;
				CLANG_WARN_DEPRECATED_OBJC_IMPLEMENTATIONS = YES;
				CLANG_WARN_DIRECT_OBJC_ISA_USAGE = YES_ERROR;
				CLANG_WARN_DOCUMENTATION_COMMENTS = YES;
				CLANG_WARN_EMPTY_BODY = YES;
				CLANG_WARN_ENUM_CONVERSION = YES;
				CLANG_WARN_INFINITE_RECURSION = YES;
				CLANG_WARN_INT_CONVERSION = YES;
				CLANG_WARN_NON_LITERAL_NULL_CONVERSION = YES;
				CLANG_WARN_OBJC_IMPLICIT_RETAIN_SELF = YES;
				CLANG_WARN_OBJC_LITERAL_CONVERSION = YES;
				CLANG_WARN_OBJC_ROOT_CLASS = YES_ERROR;
				CLANG_WARN_QUOTED_INCLUDE_IN_FRAMEWORK_HEADER = YES;
				CLANG_WARN_RANGE_LOOP_ANALYSIS = YES;
				CLANG_WARN_STRICT_PROTOTYPES = YES;
				CLANG_WARN_SUSPICIOUS_MOVE = YES;
				CLANG_WARN_UNGUARDED_AVAILABILITY = YES_AGGRESSIVE;
				CLANG_WARN_UNREACHABLE_CODE = YES;
				CLANG_WARN__DUPLICATE_METHOD_MATCH = YES;
				COPY_PHASE_STRIP = NO;
				DEBUG_INFORMATION_FORMAT = dwarf;
				ENABLE_STRICT_OBJC_MSGSEND = YES;
				ENABLE_TESTABILITY = YES;
				GCC_C_LANGUAGE_STANDARD = gnu11;
				GCC_DYNAMIC_NO_PIC = NO;
				GCC_NO_COMMON_BLOCKS = YES;
				GCC_OPTIMIZATION_LEVEL = 0;
				GCC_PREPROCESSOR_DEFINITIONS = (
					"DEBUG=1",
					"$(inherited)",
				);
				GCC_WARN_64_TO_32_BIT_CONVERSION = YES;
				GCC_WARN_ABOUT_RETURN_TYPE = YES_ERROR;
				GCC_WARN_UNDECLARED_SELECTOR = YES;
				GCC_WARN_UNINITIALIZED_AUTOS = YES_AGGRESSIVE;
				GCC_WARN_UNUSED_FUNCTION = YES;
				GCC_WARN_UNUSED_VARIABLE = YES;
				IPHONEOS_DEPLOYMENT_TARGET = 16.2;
				MTL_ENABLE_DEBUG_INFO = INCLUDE_SOURCE;
				MTL_FAST_MATH = YES;
				ONLY_ACTIVE_ARCH = YES;
				SDKROOT = iphoneos;
				SWIFT_ACTIVE_COMPILATION_CONDITIONS = DEBUG;
				SWIFT_OPTIMIZATION_LEVEL = "-Onone";
			};
			name = Debug;
		};
		7C2D03C829C0EB0D0023E36E /* Release */ = {
			isa = XCBuildConfiguration;
			buildSettings = {
				ALWAYS_SEARCH_USER_PATHS = NO;
				CLANG_ANALYZER_NONNULL = YES;
				CLANG_ANALYZER_NUMBER_OBJECT_CONVERSION = YES_AGGRESSIVE;
				CLANG_CXX_LANGUAGE_STANDARD = "gnu++20";
				CLANG_ENABLE_MODULES = YES;
				CLANG_ENABLE_OBJC_ARC = YES;
				CLANG_ENABLE_OBJC_WEAK = YES;
				CLANG_WARN_BLOCK_CAPTURE_AUTORELEASING = YES;
				CLANG_WARN_BOOL_CONVERSION = YES;
				CLANG_WARN_COMMA = YES;
				CLANG_WARN_CONSTANT_CONVERSION = YES;
				CLANG_WARN_DEPRECATED_OBJC_IMPLEMENTATIONS = YES;
				CLANG_WARN_DIRECT_OBJC_ISA_USAGE = YES_ERROR;
				CLANG_WARN_DOCUMENTATION_COMMENTS = YES;
				CLANG_WARN_EMPTY_BODY = YES;
				CLANG_WARN_ENUM_CONVERSION = YES;
				CLANG_WARN_INFINITE_RECURSION = YES;
				CLANG_WARN_INT_CONVERSION = YES;
				CLANG_WARN_NON_LITERAL_NULL_CONVERSION = YES;
				CLANG_WARN_OBJC_IMPLICIT_RETAIN_SELF = YES;
				CLANG_WARN_OBJC_LITERAL_CONVERSION = YES;
				CLANG_WARN_OBJC_ROOT_CLASS = YES_ERROR;
				CLANG_WARN_QUOTED_INCLUDE_IN_FRAMEWORK_HEADER = YES;
				CLANG_WARN_RANGE_LOOP_ANALYSIS = YES;
				CLANG_WARN_STRICT_PROTOTYPES = YES;
				CLANG_WARN_SUSPICIOUS_MOVE = YES;
				CLANG_WARN_UNGUARDED_AVAILABILITY = YES_AGGRESSIVE;
				CLANG_WARN_UNREACHABLE_CODE = YES;
				CLANG_WARN__DUPLICATE_METHOD_MATCH = YES;
				COPY_PHASE_STRIP = NO;
				DEBUG_INFORMATION_FORMAT = "dwarf-with-dsym";
				ENABLE_NS_ASSERTIONS = NO;
				ENABLE_STRICT_OBJC_MSGSEND = YES;
				GCC_C_LANGUAGE_STANDARD = gnu11;
				GCC_NO_COMMON_BLOCKS = YES;
				GCC_WARN_64_TO_32_BIT_CONVERSION = YES;
				GCC_WARN_ABOUT_RETURN_TYPE = YES_ERROR;
				GCC_WARN_UNDECLARED_SELECTOR = YES;
				GCC_WARN_UNINITIALIZED_AUTOS = YES_AGGRESSIVE;
				GCC_WARN_UNUSED_FUNCTION = YES;
				GCC_WARN_UNUSED_VARIABLE = YES;
				IPHONEOS_DEPLOYMENT_TARGET = 16.2;
				MTL_ENABLE_DEBUG_INFO = NO;
				MTL_FAST_MATH = YES;
				SDKROOT = iphoneos;
				SWIFT_COMPILATION_MODE = wholemodule;
				SWIFT_OPTIMIZATION_LEVEL = "-O";
				VALIDATE_PRODUCT = YES;
			};
			name = Release;
		};
		7C2D03CA29C0EB0D0023E36E /* Debug */ = {
			isa = XCBuildConfiguration;
			baseConfigurationReference = 0955BC8762177A4FA4AD275B /* Pods-Formula1.debug.xcconfig */;
			buildSettings = {
				ASSETCATALOG_COMPILER_APPICON_NAME = AppIcon;
				ASSETCATALOG_COMPILER_GLOBAL_ACCENT_COLOR_NAME = AccentColor;
				CODE_SIGN_ENTITLEMENTS = Formula1/Formula1.entitlements;
				CODE_SIGN_STYLE = Automatic;
				CURRENT_PROJECT_VERSION = 1;
				DEVELOPMENT_TEAM = G6M3JH3KTX;
				GENERATE_INFOPLIST_FILE = YES;
				INFOPLIST_FILE = Formula1/Info.plist;
				INFOPLIST_KEY_UIApplicationSupportsIndirectInputEvents = YES;
				INFOPLIST_KEY_UILaunchStoryboardName = LaunchScreen;
				INFOPLIST_KEY_UISupportedInterfaceOrientations_iPad = "UIInterfaceOrientationPortrait UIInterfaceOrientationPortraitUpsideDown UIInterfaceOrientationLandscapeLeft UIInterfaceOrientationLandscapeRight";
				INFOPLIST_KEY_UISupportedInterfaceOrientations_iPhone = "UIInterfaceOrientationPortrait UIInterfaceOrientationLandscapeLeft UIInterfaceOrientationLandscapeRight";
				LD_RUNPATH_SEARCH_PATHS = (
					"$(inherited)",
					"@executable_path/Frameworks",
				);
				MARKETING_VERSION = 1.0;
				PRODUCT_BUNDLE_IDENTIFIER = com.drodcasi.Formula1;
				PRODUCT_NAME = "$(TARGET_NAME)";
				SWIFT_EMIT_LOC_STRINGS = YES;
				SWIFT_VERSION = 5.0;
				TARGETED_DEVICE_FAMILY = "1,2";
			};
			name = Debug;
		};
		7C2D03CB29C0EB0D0023E36E /* Release */ = {
			isa = XCBuildConfiguration;
			baseConfigurationReference = F00E14668D0CC5F1D5FE53A0 /* Pods-Formula1.release.xcconfig */;
			buildSettings = {
				ASSETCATALOG_COMPILER_APPICON_NAME = AppIcon;
				ASSETCATALOG_COMPILER_GLOBAL_ACCENT_COLOR_NAME = AccentColor;
				CODE_SIGN_ENTITLEMENTS = Formula1/Formula1.entitlements;
				CODE_SIGN_STYLE = Automatic;
				CURRENT_PROJECT_VERSION = 1;
				DEVELOPMENT_TEAM = G6M3JH3KTX;
				GENERATE_INFOPLIST_FILE = YES;
				INFOPLIST_FILE = Formula1/Info.plist;
				INFOPLIST_KEY_UIApplicationSupportsIndirectInputEvents = YES;
				INFOPLIST_KEY_UILaunchStoryboardName = LaunchScreen;
				INFOPLIST_KEY_UISupportedInterfaceOrientations_iPad = "UIInterfaceOrientationPortrait UIInterfaceOrientationPortraitUpsideDown UIInterfaceOrientationLandscapeLeft UIInterfaceOrientationLandscapeRight";
				INFOPLIST_KEY_UISupportedInterfaceOrientations_iPhone = "UIInterfaceOrientationPortrait UIInterfaceOrientationLandscapeLeft UIInterfaceOrientationLandscapeRight";
				LD_RUNPATH_SEARCH_PATHS = (
					"$(inherited)",
					"@executable_path/Frameworks",
				);
				MARKETING_VERSION = 1.0;
				PRODUCT_BUNDLE_IDENTIFIER = com.drodcasi.Formula1;
				PRODUCT_NAME = "$(TARGET_NAME)";
				SWIFT_EMIT_LOC_STRINGS = YES;
				SWIFT_VERSION = 5.0;
				TARGETED_DEVICE_FAMILY = "1,2";
			};
			name = Release;
		};
		7C2D041229C0F6390023E36E /* Debug */ = {
			isa = XCBuildConfiguration;
			buildSettings = {
				CODE_SIGN_STYLE = Automatic;
				CURRENT_PROJECT_VERSION = 1;
				DEVELOPMENT_TEAM = G6M3JH3KTX;
				GENERATE_INFOPLIST_FILE = YES;
				MARKETING_VERSION = 1.0;
				PRODUCT_BUNDLE_IDENTIFIER = com.drodcasi.LoginUITesting;
				PRODUCT_NAME = "$(TARGET_NAME)";
				SWIFT_EMIT_LOC_STRINGS = NO;
				SWIFT_VERSION = 5.0;
				TARGETED_DEVICE_FAMILY = "1,2";
				TEST_TARGET_NAME = Formula1;
			};
			name = Debug;
		};
		7C2D041329C0F6390023E36E /* Release */ = {
			isa = XCBuildConfiguration;
			buildSettings = {
				CODE_SIGN_STYLE = Automatic;
				CURRENT_PROJECT_VERSION = 1;
				DEVELOPMENT_TEAM = G6M3JH3KTX;
				GENERATE_INFOPLIST_FILE = YES;
				MARKETING_VERSION = 1.0;
				PRODUCT_BUNDLE_IDENTIFIER = com.drodcasi.LoginUITesting;
				PRODUCT_NAME = "$(TARGET_NAME)";
				SWIFT_EMIT_LOC_STRINGS = NO;
				SWIFT_VERSION = 5.0;
				TARGETED_DEVICE_FAMILY = "1,2";
				TEST_TARGET_NAME = Formula1;
			};
			name = Release;
		};
/* End XCBuildConfiguration section */

/* Begin XCConfigurationList section */
		7C14BAF329C357590091F7AF /* Build configuration list for PBXNativeTarget "MockLoginSignInUITesting" */ = {
			isa = XCConfigurationList;
			buildConfigurations = (
				7C14BAF429C357590091F7AF /* Debug */,
				7C14BAF529C357590091F7AF /* Release */,
			);
			defaultConfigurationIsVisible = 0;
			defaultConfigurationName = Release;
		};
		7C2D03B029C0EB0C0023E36E /* Build configuration list for PBXProject "Formula1" */ = {
			isa = XCConfigurationList;
			buildConfigurations = (
				7C2D03C729C0EB0D0023E36E /* Debug */,
				7C2D03C829C0EB0D0023E36E /* Release */,
			);
			defaultConfigurationIsVisible = 0;
			defaultConfigurationName = Release;
		};
		7C2D03C929C0EB0D0023E36E /* Build configuration list for PBXNativeTarget "Formula1" */ = {
			isa = XCConfigurationList;
			buildConfigurations = (
				7C2D03CA29C0EB0D0023E36E /* Debug */,
				7C2D03CB29C0EB0D0023E36E /* Release */,
			);
			defaultConfigurationIsVisible = 0;
			defaultConfigurationName = Release;
		};
		7C2D041129C0F6390023E36E /* Build configuration list for PBXNativeTarget "LoginUITesting" */ = {
			isa = XCConfigurationList;
			buildConfigurations = (
				7C2D041229C0F6390023E36E /* Debug */,
				7C2D041329C0F6390023E36E /* Release */,
			);
			defaultConfigurationIsVisible = 0;
			defaultConfigurationName = Release;
		};
/* End XCConfigurationList section */

/* Begin XCRemoteSwiftPackageReference section */
		7C14BAE329C23D4B0091F7AF /* XCRemoteSwiftPackageReference "facebook-ios-sdk" */ = {
			isa = XCRemoteSwiftPackageReference;
			repositoryURL = "https://github.com/facebook/facebook-ios-sdk.git";
			requirement = {
				kind = upToNextMajorVersion;
				minimumVersion = 9.0.0;
			};
		};
		7C2D03CE29C0F31E0023E36E /* XCRemoteSwiftPackageReference "BaseViper" */ = {
			isa = XCRemoteSwiftPackageReference;
			repositoryURL = "https://github.com/EdeXApple/BaseViper";
			requirement = {
				kind = upToNextMajorVersion;
				minimumVersion = 1.0.0;
			};
		};
/* End XCRemoteSwiftPackageReference section */

/* Begin XCSwiftPackageProductDependency section */
		7C2D03CF29C0F31E0023E36E /* VIPERPLUS */ = {
			isa = XCSwiftPackageProductDependency;
			package = 7C2D03CE29C0F31E0023E36E /* XCRemoteSwiftPackageReference "BaseViper" */;
			productName = VIPERPLUS;
		};
/* End XCSwiftPackageProductDependency section */
	};
	rootObject = 7C2D03AD29C0EB0C0023E36E /* Project object */;
}
